PODS:
  - AFNetworking (3.2.1):
    - AFNetworking/NSURLSession (= 3.2.1)
    - AFNetworking/Reachability (= 3.2.1)
    - AFNetworking/Security (= 3.2.1)
    - AFNetworking/Serialization (= 3.2.1)
    - AFNetworking/UIKit (= 3.2.1)
  - AFNetworking/NSURLSession (3.2.1):
    - AFNetworking/Reachability
    - AFNetworking/Security
    - AFNetworking/Serialization
  - AFNetworking/Reachability (3.2.1)
  - AFNetworking/Security (3.2.1)
  - AFNetworking/Serialization (3.2.1)
  - AFNetworking/UIKit (3.2.1):
    - AFNetworking/NSURLSession
  - Mantle (1.5.6):
    - Mantle/extobjc (= 1.5.6)
  - Mantle/extobjc (1.5.6)
  - NetWork (0.0.1):
    - AFNetworking (~> 3.2.1)
  - ReactiveObjC (3.0.0)
  - SDWebImage (3.8.2):
    - SDWebImage/Core (= 3.8.2)
  - SDWebImage/Core (3.8.2)

DEPENDENCIES:
  - Mantle (= 1.5.6)
  - NetWork (from `./`)
  - ReactiveObjC (~> 3.0.0)
  - SDWebImage (~> 3.7)

SPEC REPOS:
  https://github.com/CocoaPods/Specs.git:
    - AFNetworking
    - Mantle
    - ReactiveObjC
    - SDWebImage

EXTERNAL SOURCES:
  NetWork:
    :path: "./"

SPEC CHECKSUMS:
  AFNetworking: b6f891fdfaed196b46c7a83cf209e09697b94057
  Mantle: a197db93e0f1e36194b1fdbc078219a8492eaef2
  NetWork: 77e78fc5a324b16ed6e42384f2cf5726568b7102
  ReactiveObjC: ce79989e8684b9086b5f8d0c74bc7b81a8729c9e
  SDWebImage: 098e97e6176540799c27e804c96653ee0833d13c

PODFILE CHECKSUM: b51301f944c1012754049a313a8c6435c117dc25

COCOAPODS: 1.5.3
